
Microsoft Visual Studio Solution File, Format Version 12.00
# Visual Studio Version 16
VisualStudioVersion = 16.0.32802.440
MinimumVisualStudioVersion = 10.0.40219.1
Project("{9A19103F-16F7-4668-BE54-9A1E7A4F7556}") = "ECommerce.Api.Products", "ECommerce.Api.Products\ECommerce.Api.Products.csproj", "{BCC6406F-F716-4BB2-82BC-2DCEEFA8F757}"
EndProject
Project("{9A19103F-16F7-4668-BE54-9A1E7A4F7556}") = "ECommerce.Api.Orders", "ECommerce.Api.Orders\ECommerce.Api.Orders.csproj", "{84ACF7DB-80D6-4379-B864-4F6A406BDECA}"
EndProject
Project("{9A19103F-16F7-4668-BE54-9A1E7A4F7556}") = "ECommerce.Api.Customers", "ECommerce.Api.Customers\ECommerce.Api.Customers.csproj", "{83E26B86-B3A1-48C7-8A9E-4F3ED6BFDB68}"
EndProject
Project("{9A19103F-16F7-4668-BE54-9A1E7A4F7556}") = "ECommerce.Api.Search", "ECommerce.Api.Search\ECommerce.Api.Search.csproj", "{76399C0E-13A4-4421-825F-2531A12C06E3}"
EndProject
Project("{FAE04EC0-301F-11D3-BF4B-00C04F79EFBC}") = "ECommerce.Api.Products.Tests", "ECommerce.Api.Products.Tests\ECommerce.Api.Products.Tests.csproj", "{7E644E13-B851-4C7B-9CDD-CA0C83F80CB9}"
EndProject
Global
	GlobalSection(SolutionConfigurationPlatforms) = preSolution
		Debug|Any CPU = Debug|Any CPU
		Release|Any CPU = Release|Any CPU
	EndGlobalSection
	GlobalSection(ProjectConfigurationPlatforms) = postSolution
		{BCC6406F-F716-4BB2-82BC-2DCEEFA8F757}.Debug|Any CPU.ActiveCfg = Debug|Any CPU
		{BCC6406F-F716-4BB2-82BC-2DCEEFA8F757}.Debug|Any CPU.Build.0 = Debug|Any CPU
		{BCC6406F-F716-4BB2-82BC-2DCEEFA8F757}.Release|Any CPU.ActiveCfg = Release|Any CPU
		{BCC6406F-F716-4BB2-82BC-2DCEEFA8F757}.Release|Any CPU.Build.0 = Release|Any CPU
		{84ACF7DB-80D6-4379-B864-4F6A406BDECA}.Debug|Any CPU.ActiveCfg = Debug|Any CPU
		{84ACF7DB-80D6-4379-B864-4F6A406BDECA}.Debug|Any CPU.Build.0 = Debug|Any CPU
		{84ACF7DB-80D6-4379-B864-4F6A406BDECA}.Release|Any CPU.ActiveCfg = Release|Any CPU
		{84ACF7DB-80D6-4379-B864-4F6A406BDECA}.Release|Any CPU.Build.0 = Release|Any CPU
		{83E26B86-B3A1-48C7-8A9E-4F3ED6BFDB68}.Debug|Any CPU.ActiveCfg = Debug|Any CPU
		{83E26B86-B3A1-48C7-8A9E-4F3ED6BFDB68}.Debug|Any CPU.Build.0 = Debug|Any CPU
		{83E26B86-B3A1-48C7-8A9E-4F3ED6BFDB68}.Release|Any CPU.ActiveCfg = Release|Any CPU
		{83E26B86-B3A1-48C7-8A9E-4F3ED6BFDB68}.Release|Any CPU.Build.0 = Release|Any CPU
		{76399C0E-13A4-4421-825F-2531A12C06E3}.Debug|Any CPU.ActiveCfg = Debug|Any CPU
		{76399C0E-13A4-4421-825F-2531A12C06E3}.Debug|Any CPU.Build.0 = Debug|Any CPU
		{76399C0E-13A4-4421-825F-2531A12C06E3}.Release|Any CPU.ActiveCfg = Release|Any CPU
		{76399C0E-13A4-4421-825F-2531A12C06E3}.Release|Any CPU.Build.0 = Release|Any CPU
		{7E644E13-B851-4C7B-9CDD-CA0C83F80CB9}.Debug|Any CPU.ActiveCfg = Debug|Any CPU
		{7E644E13-B851-4C7B-9CDD-CA0C83F80CB9}.Debug|Any CPU.Build.0 = Debug|Any CPU
		{7E644E13-B851-4C7B-9CDD-CA0C83F80CB9}.Release|Any CPU.ActiveCfg = Release|Any CPU
		{7E644E13-B851-4C7B-9CDD-CA0C83F80CB9}.Release|Any CPU.Build.0 = Release|Any CPU
	EndGlobalSection
	GlobalSection(SolutionProperties) = preSolution
		HideSolutionNode = FALSE
	EndGlobalSection
	GlobalSection(ExtensibilityGlobals) = postSolution
		SolutionGuid = {3B9A410F-7429-44F7-AD23-E6300FE41F5E}
	EndGlobalSection
EndGlobal
